
Microsoft Visual Studio Solution File, Format Version 12.00
# Visual Studio Version 16
VisualStudioVersion = 16.0.29911.84
MinimumVisualStudioVersion = 10.0.40219.1
Project("{9A19103F-16F7-4668-BE54-9A1E7A4F7556}") = "SimpleAPI", "SimpleAPI\SimpleAPI.csproj", "{8CD7FC5C-F54A-423F-A960-8FBAAC4BA008}"
EndProject
Project("{9A19103F-16F7-4668-BE54-9A1E7A4F7556}") = "BLL", "BLL\BLL.csproj", "{FA4BF272-07B8-4F11-8A2A-BA6A4CC61E7F}"
EndProject
Project("{9A19103F-16F7-4668-BE54-9A1E7A4F7556}") = "DLL", "DLL\DLL.csproj", "{C24572BE-078E-4163-AE16-35FC86B3F8FF}"
EndProject
Project("{9A19103F-16F7-4668-BE54-9A1E7A4F7556}") = "Utility", "Utility\Utility.csproj", "{435CC233-54E3-4DCD-B333-CE2220EC96CC}"
EndProject
Global
	GlobalSection(SolutionConfigurationPlatforms) = preSolution
		Debug|Any CPU = Debug|Any CPU
		Release|Any CPU = Release|Any CPU
	EndGlobalSection
	GlobalSection(ProjectConfigurationPlatforms) = postSolution
		{8CD7FC5C-F54A-423F-A960-8FBAAC4BA008}.Debug|Any CPU.ActiveCfg = Debug|Any CPU
		{8CD7FC5C-F54A-423F-A960-8FBAAC4BA008}.Debug|Any CPU.Build.0 = Debug|Any CPU
		{8CD7FC5C-F54A-423F-A960-8FBAAC4BA008}.Release|Any CPU.ActiveCfg = Release|Any CPU
		{8CD7FC5C-F54A-423F-A960-8FBAAC4BA008}.Release|Any CPU.Build.0 = Release|Any CPU
		{FA4BF272-07B8-4F11-8A2A-BA6A4CC61E7F}.Debug|Any CPU.ActiveCfg = Debug|Any CPU
		{FA4BF272-07B8-4F11-8A2A-BA6A4CC61E7F}.Debug|Any CPU.Build.0 = Debug|Any CPU
		{FA4BF272-07B8-4F11-8A2A-BA6A4CC61E7F}.Release|Any CPU.ActiveCfg = Release|Any CPU
		{FA4BF272-07B8-4F11-8A2A-BA6A4CC61E7F}.Release|Any CPU.Build.0 = Release|Any CPU
		{C24572BE-078E-4163-AE16-35FC86B3F8FF}.Debug|Any CPU.ActiveCfg = Debug|Any CPU
		{C24572BE-078E-4163-AE16-35FC86B3F8FF}.Debug|Any CPU.Build.0 = Debug|Any CPU
		{C24572BE-078E-4163-AE16-35FC86B3F8FF}.Release|Any CPU.ActiveCfg = Release|Any CPU
		{C24572BE-078E-4163-AE16-35FC86B3F8FF}.Release|Any CPU.Build.0 = Release|Any CPU
		{435CC233-54E3-4DCD-B333-CE2220EC96CC}.Debug|Any CPU.ActiveCfg = Debug|Any CPU
		{435CC233-54E3-4DCD-B333-CE2220EC96CC}.Debug|Any CPU.Build.0 = Debug|Any CPU
		{435CC233-54E3-4DCD-B333-CE2220EC96CC}.Release|Any CPU.ActiveCfg = Release|Any CPU
		{435CC233-54E3-4DCD-B333-CE2220EC96CC}.Release|Any CPU.Build.0 = Release|Any CPU
	EndGlobalSection
	GlobalSection(SolutionProperties) = preSolution
		HideSolutionNode = FALSE
	EndGlobalSection
	GlobalSection(ExtensibilityGlobals) = postSolution
		SolutionGuid = {F5F6E120-24DC-4BFE-9B0C-5C210FEB71EE}
	EndGlobalSection
EndGlobal
